
Microsoft Visual Studio Solution File, Format Version 12.00
# Visual Studio Version 17
VisualStudioVersion = 17.8.34309.116
MinimumVisualStudioVersion = 10.0.40219.1
Project("{9A19103F-16F7-4668-BE54-9A1E7A4F7556}") = "Shared", "Shared\Shared.csproj", "{479A71BF-2F7F-4A24-91BF-DB5030B52FE4}"
EndProject
Project("{9A19103F-16F7-4668-BE54-9A1E7A4F7556}") = "APIServer", "Deprecated\APIServer\APIServer.csproj", "{7F87C278-4EE8-42CB-A008-906DE6BB655F}"
EndProject
Project("{9A19103F-16F7-4668-BE54-9A1E7A4F7556}") = "WebAssembly", "Deprecated\WebAssembly\WebAssembly.csproj", "{E55E2C7D-67B1-4675-B718-7E646FC074FC}"
EndProject
Project("{2150E333-8FDC-42A3-9474-1A3956D46DE8}") = "Deprecated", "Deprecated", "{C324BC65-1BF0-4362-8E9E-029178CA17F3}"
EndProject
Project("{FAE04EC0-301F-11D3-BF4B-00C04F79EFBC}") = "Web", "Deprecated\Web\Web\Web.csproj", "{AB612C1F-5DA5-4252-8A55-77B5FFA2361C}"
EndProject
Project("{FAE04EC0-301F-11D3-BF4B-00C04F79EFBC}") = "Web.Client", "Deprecated\Web\Web.Client\Web.Client.csproj", "{73B64A30-9A4C-4FE5-B7D6-5ACAB2D83BEC}"
EndProject
Project("{E53339B2-1760-4266-BCC7-CA923CBCF16C}") = "docker-compose", "docker-compose.dcproj", "{659351E1-D474-4A08-9BDF-1E74100D45BA}"
EndProject
Project("{FAE04EC0-301F-11D3-BF4B-00C04F79EFBC}") = "DesktopMAUIApp", "Deprecated\DesktopMAUIApp\DesktopMAUIApp.csproj", "{9CF6E22E-45D0-4196-865D-BB506830878D}"
EndProject
Project("{FAE04EC0-301F-11D3-BF4B-00C04F79EFBC}") = "Aspire.AppHost", "AspireDeprecated\Aspire.AppHost\Aspire.AppHost.csproj", "{509D4D9D-FF86-4D14-BE29-98C6A640ED99}"
EndProject
Project("{FAE04EC0-301F-11D3-BF4B-00C04F79EFBC}") = "Aspire.ServiceDefaults", "AspireDeprecated\Aspire.ServiceDefaults\Aspire.ServiceDefaults.csproj", "{DC9E489A-EFB5-4550-8F2E-E2D6E3AB9D1C}"
EndProject
Project("{2150E333-8FDC-42A3-9474-1A3956D46DE8}") = "AspireDeprecated", "AspireDeprecated", "{C7E283FF-78D5-4CAD-8984-D976B569911F}"
EndProject
Project("{FAE04EC0-301F-11D3-BF4B-00C04F79EFBC}") = "Aspire.AppHost", "Aspire\Aspire.AppHost\Aspire.AppHost.csproj", "{0A734089-F7B5-44A3-B881-AE70A295EFEA}"
EndProject
Project("{FAE04EC0-301F-11D3-BF4B-00C04F79EFBC}") = "Aspire.ServiceDefaults", "Aspire\Aspire.ServiceDefaults\Aspire.ServiceDefaults.csproj", "{3EE57EC3-0548-4640-B953-78B8699FECCA}"
EndProject
Project("{FAE04EC0-301F-11D3-BF4B-00C04F79EFBC}") = "Aspire.ApiService", "Aspire\Aspire.ApiService\Aspire.ApiService.csproj", "{74B0CC5C-965D-48D4-9A02-8FA5B15945BA}"
EndProject
Project("{FAE04EC0-301F-11D3-BF4B-00C04F79EFBC}") = "Aspire.Web", "Aspire\Aspire.Web\Aspire.Web.csproj", "{BE2643F2-9870-4121-9723-959C92C673B5}"
EndProject
Project("{FAE04EC0-301F-11D3-BF4B-00C04F79EFBC}") = "Aspire.Tests", "Aspire\Aspire.Tests\Aspire.Tests.csproj", "{92F273F5-B554-498C-AA94-42730F7FEE53}"
EndProject
Project("{2150E333-8FDC-42A3-9474-1A3956D46DE8}") = "Aspire", "Aspire", "{E2F035BE-F993-4F2E-BE56-53F843642176}"
EndProject
Global
	GlobalSection(SolutionConfigurationPlatforms) = preSolution
		Debug|Any CPU = Debug|Any CPU
		Release|Any CPU = Release|Any CPU
	EndGlobalSection
	GlobalSection(ProjectConfigurationPlatforms) = postSolution
		{479A71BF-2F7F-4A24-91BF-DB5030B52FE4}.Debug|Any CPU.ActiveCfg = Debug|Any CPU
		{479A71BF-2F7F-4A24-91BF-DB5030B52FE4}.Debug|Any CPU.Build.0 = Debug|Any CPU
		{479A71BF-2F7F-4A24-91BF-DB5030B52FE4}.Release|Any CPU.ActiveCfg = Release|Any CPU
		{479A71BF-2F7F-4A24-91BF-DB5030B52FE4}.Release|Any CPU.Build.0 = Release|Any CPU
		{7F87C278-4EE8-42CB-A008-906DE6BB655F}.Debug|Any CPU.ActiveCfg = Debug|Any CPU
		{7F87C278-4EE8-42CB-A008-906DE6BB655F}.Debug|Any CPU.Build.0 = Debug|Any CPU
		{7F87C278-4EE8-42CB-A008-906DE6BB655F}.Release|Any CPU.ActiveCfg = Release|Any CPU
		{7F87C278-4EE8-42CB-A008-906DE6BB655F}.Release|Any CPU.Build.0 = Release|Any CPU
		{E55E2C7D-67B1-4675-B718-7E646FC074FC}.Debug|Any CPU.ActiveCfg = Debug|Any CPU
		{E55E2C7D-67B1-4675-B718-7E646FC074FC}.Debug|Any CPU.Build.0 = Debug|Any CPU
		{E55E2C7D-67B1-4675-B718-7E646FC074FC}.Release|Any CPU.ActiveCfg = Release|Any CPU
		{E55E2C7D-67B1-4675-B718-7E646FC074FC}.Release|Any CPU.Build.0 = Release|Any CPU
		{AB612C1F-5DA5-4252-8A55-77B5FFA2361C}.Debug|Any CPU.ActiveCfg = Debug|Any CPU
		{AB612C1F-5DA5-4252-8A55-77B5FFA2361C}.Debug|Any CPU.Build.0 = Debug|Any CPU
		{AB612C1F-5DA5-4252-8A55-77B5FFA2361C}.Release|Any CPU.ActiveCfg = Release|Any CPU
		{AB612C1F-5DA5-4252-8A55-77B5FFA2361C}.Release|Any CPU.Build.0 = Release|Any CPU
		{73B64A30-9A4C-4FE5-B7D6-5ACAB2D83BEC}.Debug|Any CPU.ActiveCfg = Debug|Any CPU
		{73B64A30-9A4C-4FE5-B7D6-5ACAB2D83BEC}.Debug|Any CPU.Build.0 = Debug|Any CPU
		{73B64A30-9A4C-4FE5-B7D6-5ACAB2D83BEC}.Release|Any CPU.ActiveCfg = Release|Any CPU
		{73B64A30-9A4C-4FE5-B7D6-5ACAB2D83BEC}.Release|Any CPU.Build.0 = Release|Any CPU
		{659351E1-D474-4A08-9BDF-1E74100D45BA}.Debug|Any CPU.ActiveCfg = Debug|Any CPU
		{659351E1-D474-4A08-9BDF-1E74100D45BA}.Debug|Any CPU.Build.0 = Debug|Any CPU
		{659351E1-D474-4A08-9BDF-1E74100D45BA}.Release|Any CPU.ActiveCfg = Release|Any CPU
		{659351E1-D474-4A08-9BDF-1E74100D45BA}.Release|Any CPU.Build.0 = Release|Any CPU
		{9CF6E22E-45D0-4196-865D-BB506830878D}.Debug|Any CPU.ActiveCfg = Debug|Any CPU
		{9CF6E22E-45D0-4196-865D-BB506830878D}.Debug|Any CPU.Build.0 = Debug|Any CPU
		{9CF6E22E-45D0-4196-865D-BB506830878D}.Release|Any CPU.ActiveCfg = Release|Any CPU
		{9CF6E22E-45D0-4196-865D-BB506830878D}.Release|Any CPU.Build.0 = Release|Any CPU
		{509D4D9D-FF86-4D14-BE29-98C6A640ED99}.Debug|Any CPU.ActiveCfg = Debug|Any CPU
		{509D4D9D-FF86-4D14-BE29-98C6A640ED99}.Debug|Any CPU.Build.0 = Debug|Any CPU
		{509D4D9D-FF86-4D14-BE29-98C6A640ED99}.Release|Any CPU.ActiveCfg = Release|Any CPU
		{509D4D9D-FF86-4D14-BE29-98C6A640ED99}.Release|Any CPU.Build.0 = Release|Any CPU
		{DC9E489A-EFB5-4550-8F2E-E2D6E3AB9D1C}.Debug|Any CPU.ActiveCfg = Debug|Any CPU
		{DC9E489A-EFB5-4550-8F2E-E2D6E3AB9D1C}.Debug|Any CPU.Build.0 = Debug|Any CPU
		{DC9E489A-EFB5-4550-8F2E-E2D6E3AB9D1C}.Release|Any CPU.ActiveCfg = Release|Any CPU
		{DC9E489A-EFB5-4550-8F2E-E2D6E3AB9D1C}.Release|Any CPU.Build.0 = Release|Any CPU
		{0A734089-F7B5-44A3-B881-AE70A295EFEA}.Debug|Any CPU.ActiveCfg = Debug|Any CPU
		{0A734089-F7B5-44A3-B881-AE70A295EFEA}.Debug|Any CPU.Build.0 = Debug|Any CPU
		{0A734089-F7B5-44A3-B881-AE70A295EFEA}.Release|Any CPU.ActiveCfg = Release|Any CPU
		{0A734089-F7B5-44A3-B881-AE70A295EFEA}.Release|Any CPU.Build.0 = Release|Any CPU
		{3EE57EC3-0548-4640-B953-78B8699FECCA}.Debug|Any CPU.ActiveCfg = Debug|Any CPU
		{3EE57EC3-0548-4640-B953-78B8699FECCA}.Debug|Any CPU.Build.0 = Debug|Any CPU
		{3EE57EC3-0548-4640-B953-78B8699FECCA}.Release|Any CPU.ActiveCfg = Release|Any CPU
		{3EE57EC3-0548-4640-B953-78B8699FECCA}.Release|Any CPU.Build.0 = Release|Any CPU
		{74B0CC5C-965D-48D4-9A02-8FA5B15945BA}.Debug|Any CPU.ActiveCfg = Debug|Any CPU
		{74B0CC5C-965D-48D4-9A02-8FA5B15945BA}.Debug|Any CPU.Build.0 = Debug|Any CPU
		{74B0CC5C-965D-48D4-9A02-8FA5B15945BA}.Release|Any CPU.ActiveCfg = Release|Any CPU
		{74B0CC5C-965D-48D4-9A02-8FA5B15945BA}.Release|Any CPU.Build.0 = Release|Any CPU
		{BE2643F2-9870-4121-9723-959C92C673B5}.Debug|Any CPU.ActiveCfg = Debug|Any CPU
		{BE2643F2-9870-4121-9723-959C92C673B5}.Debug|Any CPU.Build.0 = Debug|Any CPU
		{BE2643F2-9870-4121-9723-959C92C673B5}.Release|Any CPU.ActiveCfg = Release|Any CPU
		{BE2643F2-9870-4121-9723-959C92C673B5}.Release|Any CPU.Build.0 = Release|Any CPU
		{92F273F5-B554-498C-AA94-42730F7FEE53}.Debug|Any CPU.ActiveCfg = Debug|Any CPU
		{92F273F5-B554-498C-AA94-42730F7FEE53}.Debug|Any CPU.Build.0 = Debug|Any CPU
		{92F273F5-B554-498C-AA94-42730F7FEE53}.Release|Any CPU.ActiveCfg = Release|Any CPU
		{92F273F5-B554-498C-AA94-42730F7FEE53}.Release|Any CPU.Build.0 = Release|Any CPU
	EndGlobalSection
	GlobalSection(SolutionProperties) = preSolution
		HideSolutionNode = FALSE
	EndGlobalSection
	GlobalSection(NestedProjects) = preSolution
		{7F87C278-4EE8-42CB-A008-906DE6BB655F} = {C324BC65-1BF0-4362-8E9E-029178CA17F3}
		{E55E2C7D-67B1-4675-B718-7E646FC074FC} = {C324BC65-1BF0-4362-8E9E-029178CA17F3}
		{AB612C1F-5DA5-4252-8A55-77B5FFA2361C} = {C324BC65-1BF0-4362-8E9E-029178CA17F3}
		{73B64A30-9A4C-4FE5-B7D6-5ACAB2D83BEC} = {C324BC65-1BF0-4362-8E9E-029178CA17F3}
		{9CF6E22E-45D0-4196-865D-BB506830878D} = {C324BC65-1BF0-4362-8E9E-029178CA17F3}
		{509D4D9D-FF86-4D14-BE29-98C6A640ED99} = {C7E283FF-78D5-4CAD-8984-D976B569911F}
		{DC9E489A-EFB5-4550-8F2E-E2D6E3AB9D1C} = {C7E283FF-78D5-4CAD-8984-D976B569911F}
		{0A734089-F7B5-44A3-B881-AE70A295EFEA} = {E2F035BE-F993-4F2E-BE56-53F843642176}
		{3EE57EC3-0548-4640-B953-78B8699FECCA} = {E2F035BE-F993-4F2E-BE56-53F843642176}
		{74B0CC5C-965D-48D4-9A02-8FA5B15945BA} = {E2F035BE-F993-4F2E-BE56-53F843642176}
		{BE2643F2-9870-4121-9723-959C92C673B5} = {E2F035BE-F993-4F2E-BE56-53F843642176}
		{92F273F5-B554-498C-AA94-42730F7FEE53} = {E2F035BE-F993-4F2E-BE56-53F843642176}
	EndGlobalSection
	GlobalSection(ExtensibilityGlobals) = postSolution
		SolutionGuid = {E1D8068C-FFAC-4019-94E8-A389E925960B}
	EndGlobalSection
	GlobalSection(RiderSharedRunConfigurations) = postSolution
	EndGlobalSection
EndGlobal
